
Microsoft Visual Studio Solution File, Format Version 12.00
# Visual Studio 15
VisualStudioVersion = 15.0.28307.572
MinimumVisualStudioVersion = 10.0.40219.1
Project("{FAE04EC0-301F-11D3-BF4B-00C04F79EFBC}") = "coderush", "coderush\coderush.csproj", "{C2C6ECF0-B2A0-4DD8-86A8-9153553C87CF}"
EndProject
Global
	GlobalSection(SolutionConfigurationPlatforms) = preSolution
		Debug|Any CPU = Debug|Any CPU
		Release|Any CPU = Release|Any CPU
	EndGlobalSection
	GlobalSection(ProjectConfigurationPlatforms) = postSolution
		{C2C6ECF0-B2A0-4DD8-86A8-9153553C87CF}.Debug|Any CPU.ActiveCfg = Debug|Any CPU
		{C2C6ECF0-B2A0-4DD8-86A8-9153553C87CF}.Debug|Any CPU.Build.0 = Debug|Any CPU
		{C2C6ECF0-B2A0-4DD8-86A8-9153553C87CF}.Release|Any CPU.ActiveCfg = Release|Any CPU
		{C2C6ECF0-B2A0-4DD8-86A8-9153553C87CF}.Release|Any CPU.Build.0 = Release|Any CPU
	EndGlobalSection
	GlobalSection(SolutionProperties) = preSolution
		HideSolutionNode = FALSE
	EndGlobalSection
	GlobalSection(ExtensibilityGlobals) = postSolution
		SolutionGuid = {B329604D-4F0A-4E87-ACDE-6363C30E4247}
	EndGlobalSection
EndGlobal
